
Microsoft Visual Studio Solution File, Format Version 12.00
# Visual Studio Version 17
VisualStudioVersion = 17.0.31903.59
MinimumVisualStudioVersion = 10.0.40219.1
Project("{2150E333-8FDC-42A3-9474-1A3956D46DE8}") = "src", "src", "{5882AA93-A840-4FCE-9490-069EFB635ECF}"
EndProject
Project("{2150E333-8FDC-42A3-9474-1A3956D46DE8}") = "BuildingBlocks", "BuildingBlocks", "{26080E29-E480-4825-A17B-145309C15CC3}"
EndProject
Project("{FAE04EC0-301F-11D3-BF4B-00C04F79EFBC}") = "BuildingBlocks.Common", "src\BuildingBlocks\BuildingBlocks.Common\BuildingBlocks.Common.csproj", "{9F19A787-C0AC-4EC4-842D-0B43695F4291}"
EndProject
Project("{2150E333-8FDC-42A3-9474-1A3956D46DE8}") = "Services", "Services", "{266351AE-4414-42A4-8EC3-E20139FADEB2}"
EndProject
Project("{FAE04EC0-301F-11D3-BF4B-00C04F79EFBC}") = "StockService", "src\Services\StockService\StockService.csproj", "{2246A3CD-9176-4F31-9CF3-F65F64783F30}"
EndProject
Project("{2150E333-8FDC-42A3-9474-1A3956D46DE8}") = "tests", "tests", "{B766D7EB-63E5-4387-A376-8BEB53A324AC}"
EndProject
Project("{FAE04EC0-301F-11D3-BF4B-00C04F79EFBC}") = "StockService.Tests", "tests\StockService.Tests\StockService.Tests.csproj", "{A6D2EB4F-23E2-46A7-B8D3-00C3FF8D0F92}"
EndProject
Global
	GlobalSection(SolutionConfigurationPlatforms) = preSolution
		Debug|Any CPU = Debug|Any CPU
		Release|Any CPU = Release|Any CPU
	EndGlobalSection
	GlobalSection(SolutionProperties) = preSolution
		HideSolutionNode = FALSE
	EndGlobalSection
	GlobalSection(ProjectConfigurationPlatforms) = postSolution
		{9F19A787-C0AC-4EC4-842D-0B43695F4291}.Debug|Any CPU.ActiveCfg = Debug|Any CPU
		{9F19A787-C0AC-4EC4-842D-0B43695F4291}.Debug|Any CPU.Build.0 = Debug|Any CPU
		{9F19A787-C0AC-4EC4-842D-0B43695F4291}.Release|Any CPU.ActiveCfg = Release|Any CPU
		{9F19A787-C0AC-4EC4-842D-0B43695F4291}.Release|Any CPU.Build.0 = Release|Any CPU
		{2246A3CD-9176-4F31-9CF3-F65F64783F30}.Debug|Any CPU.ActiveCfg = Debug|Any CPU
		{2246A3CD-9176-4F31-9CF3-F65F64783F30}.Debug|Any CPU.Build.0 = Debug|Any CPU
		{2246A3CD-9176-4F31-9CF3-F65F64783F30}.Release|Any CPU.ActiveCfg = Release|Any CPU
		{2246A3CD-9176-4F31-9CF3-F65F64783F30}.Release|Any CPU.Build.0 = Release|Any CPU
		{A6D2EB4F-23E2-46A7-B8D3-00C3FF8D0F92}.Debug|Any CPU.ActiveCfg = Debug|Any CPU
		{A6D2EB4F-23E2-46A7-B8D3-00C3FF8D0F92}.Debug|Any CPU.Build.0 = Debug|Any CPU
		{A6D2EB4F-23E2-46A7-B8D3-00C3FF8D0F92}.Release|Any CPU.ActiveCfg = Release|Any CPU
		{A6D2EB4F-23E2-46A7-B8D3-00C3FF8D0F92}.Release|Any CPU.Build.0 = Release|Any CPU
	EndGlobalSection
	GlobalSection(NestedProjects) = preSolution
		{26080E29-E480-4825-A17B-145309C15CC3} = {5882AA93-A840-4FCE-9490-069EFB635ECF}
		{9F19A787-C0AC-4EC4-842D-0B43695F4291} = {26080E29-E480-4825-A17B-145309C15CC3}
		{266351AE-4414-42A4-8EC3-E20139FADEB2} = {5882AA93-A840-4FCE-9490-069EFB635ECF}
		{2246A3CD-9176-4F31-9CF3-F65F64783F30} = {266351AE-4414-42A4-8EC3-E20139FADEB2}
		{A6D2EB4F-23E2-46A7-B8D3-00C3FF8D0F92} = {B766D7EB-63E5-4387-A376-8BEB53A324AC}
	EndGlobalSection
EndGlobal
